
Microsoft Visual Studio Solution File, Format Version 12.00
# Visual Studio Version 16
VisualStudioVersion = 16.0.30621.155
MinimumVisualStudioVersion = 10.0.40219.1
Project("{FAE04EC0-301F-11D3-BF4B-00C04F79EFBC}") = "MvcFriendsSite", "MvcFriendsSite\MvcFriendsSite.csproj", "{05F94BDC-E8E2-4358-88B2-9E4294FE7B80}"
EndProject
Global
	GlobalSection(SolutionConfigurationPlatforms) = preSolution
		Debug|Any CPU = Debug|Any CPU
		Release|Any CPU = Release|Any CPU
	EndGlobalSection
	GlobalSection(ProjectConfigurationPlatforms) = postSolution
		{05F94BDC-E8E2-4358-88B2-9E4294FE7B80}.Debug|Any CPU.ActiveCfg = Debug|Any CPU
		{05F94BDC-E8E2-4358-88B2-9E4294FE7B80}.Debug|Any CPU.Build.0 = Debug|Any CPU
		{05F94BDC-E8E2-4358-88B2-9E4294FE7B80}.Release|Any CPU.ActiveCfg = Release|Any CPU
		{05F94BDC-E8E2-4358-88B2-9E4294FE7B80}.Release|Any CPU.Build.0 = Release|Any CPU
	EndGlobalSection
	GlobalSection(SolutionProperties) = preSolution
		HideSolutionNode = FALSE
	EndGlobalSection
	GlobalSection(ExtensibilityGlobals) = postSolution
		SolutionGuid = {157B80EE-3557-44AE-90D7-E5B4B6DBA1FF}
	EndGlobalSection
EndGlobal
